
Microsoft Visual Studio Solution File, Format Version 12.00
# Visual Studio 15
VisualStudioVersion = 15.0.26730.8
MinimumVisualStudioVersion = 10.0.40219.1
Project("{FAE04EC0-301F-11D3-BF4B-00C04F79EFBC}") = "DeDupe", "DeDupe\DeDupe.csproj", "{C42F7A92-29C5-44D4-AD50-707D8C1B9E19}"
EndProject
Global
	GlobalSection(SolutionConfigurationPlatforms) = preSolution
		Debug|Any CPU = Debug|Any CPU
		Release|Any CPU = Release|Any CPU
	EndGlobalSection
	GlobalSection(ProjectConfigurationPlatforms) = postSolution
		{C42F7A92-29C5-44D4-AD50-707D8C1B9E19}.Debug|Any CPU.ActiveCfg = Debug|Any CPU
		{C42F7A92-29C5-44D4-AD50-707D8C1B9E19}.Debug|Any CPU.Build.0 = Debug|Any CPU
		{C42F7A92-29C5-44D4-AD50-707D8C1B9E19}.Release|Any CPU.ActiveCfg = Release|Any CPU
		{C42F7A92-29C5-44D4-AD50-707D8C1B9E19}.Release|Any CPU.Build.0 = Release|Any CPU
	EndGlobalSection
	GlobalSection(SolutionProperties) = preSolution
		HideSolutionNode = FALSE
	EndGlobalSection
	GlobalSection(ExtensibilityGlobals) = postSolution
		SolutionGuid = {EB5B5873-EBFF-43C4-A6FC-3FD64554A818}
	EndGlobalSection
EndGlobal
